
Microsoft Visual Studio Solution File, Format Version 12.00
# Visual Studio 15
VisualStudioVersion = 15.0.28307.705
MinimumVisualStudioVersion = 10.0.40219.1
Project("{FAE04EC0-301F-11D3-BF4B-00C04F79EFBC}") = "IndiceAcademico", "IndiceAcademico\IndiceAcademico.csproj", "{95AA5AA9-A27D-4CCB-882E-AE7DE3997C1D}"
EndProject
Project("{FAE04EC0-301F-11D3-BF4B-00C04F79EFBC}") = "IndiceAcademicoAppTests", "IndiceAcademicoAppTests\IndiceAcademicoAppTests.csproj", "{20DB2358-2874-4D6E-BF88-5F1F9B2503F6}"
EndProject
Global
	GlobalSection(SolutionConfigurationPlatforms) = preSolution
		Debug|Any CPU = Debug|Any CPU
		Debug|x86 = Debug|x86
		Release|Any CPU = Release|Any CPU
		Release|x86 = Release|x86
	EndGlobalSection
	GlobalSection(ProjectConfigurationPlatforms) = postSolution
		{95AA5AA9-A27D-4CCB-882E-AE7DE3997C1D}.Debug|Any CPU.ActiveCfg = Debug|Any CPU
		{95AA5AA9-A27D-4CCB-882E-AE7DE3997C1D}.Debug|Any CPU.Build.0 = Debug|Any CPU
		{95AA5AA9-A27D-4CCB-882E-AE7DE3997C1D}.Debug|x86.ActiveCfg = Debug|Any CPU
		{95AA5AA9-A27D-4CCB-882E-AE7DE3997C1D}.Debug|x86.Build.0 = Debug|Any CPU
		{95AA5AA9-A27D-4CCB-882E-AE7DE3997C1D}.Release|Any CPU.ActiveCfg = Release|Any CPU
		{95AA5AA9-A27D-4CCB-882E-AE7DE3997C1D}.Release|Any CPU.Build.0 = Release|Any CPU
		{95AA5AA9-A27D-4CCB-882E-AE7DE3997C1D}.Release|x86.ActiveCfg = Release|Any CPU
		{95AA5AA9-A27D-4CCB-882E-AE7DE3997C1D}.Release|x86.Build.0 = Release|Any CPU
		{20DB2358-2874-4D6E-BF88-5F1F9B2503F6}.Debug|Any CPU.ActiveCfg = Debug|Any CPU
		{20DB2358-2874-4D6E-BF88-5F1F9B2503F6}.Debug|Any CPU.Build.0 = Debug|Any CPU
		{20DB2358-2874-4D6E-BF88-5F1F9B2503F6}.Debug|x86.ActiveCfg = Debug|Any CPU
		{20DB2358-2874-4D6E-BF88-5F1F9B2503F6}.Debug|x86.Build.0 = Debug|Any CPU
		{20DB2358-2874-4D6E-BF88-5F1F9B2503F6}.Release|Any CPU.ActiveCfg = Release|Any CPU
		{20DB2358-2874-4D6E-BF88-5F1F9B2503F6}.Release|Any CPU.Build.0 = Release|Any CPU
		{20DB2358-2874-4D6E-BF88-5F1F9B2503F6}.Release|x86.ActiveCfg = Release|Any CPU
		{20DB2358-2874-4D6E-BF88-5F1F9B2503F6}.Release|x86.Build.0 = Release|Any CPU
	EndGlobalSection
	GlobalSection(SolutionProperties) = preSolution
		HideSolutionNode = FALSE
	EndGlobalSection
	GlobalSection(ExtensibilityGlobals) = postSolution
		SolutionGuid = {002BCB76-982C-47DC-8400-944CFED91786}
	EndGlobalSection
EndGlobal
